
Microsoft Visual Studio Solution File, Format Version 12.00
# TcXaeShell Solution File, Format Version 11.00
VisualStudioVersion = 15.0.28010.2050
MinimumVisualStudioVersion = 10.0.40219.1
Project("{B1E792BE-AA5F-4E3C-8C82-674BF9C0715B}") = "XTS_PTP_Move", "XTS_PTP_Move\XTS_PTP_Move.tsproj", "{CB347AC0-723B-4770-B572-FE71BFADC4B2}"
EndProject
Global
	GlobalSection(SolutionConfigurationPlatforms) = preSolution
		Debug|TwinCAT CE7 (ARMV7) = Debug|TwinCAT CE7 (ARMV7)
		Debug|TwinCAT OS (ARMT2) = Debug|TwinCAT OS (ARMT2)
		Debug|TwinCAT RT (x64) = Debug|TwinCAT RT (x64)
		Debug|TwinCAT RT (x86) = Debug|TwinCAT RT (x86)
		Release|TwinCAT CE7 (ARMV7) = Release|TwinCAT CE7 (ARMV7)
		Release|TwinCAT OS (ARMT2) = Release|TwinCAT OS (ARMT2)
		Release|TwinCAT RT (x64) = Release|TwinCAT RT (x64)
		Release|TwinCAT RT (x86) = Release|TwinCAT RT (x86)
	EndGlobalSection
	GlobalSection(ProjectConfigurationPlatforms) = postSolution
		{CB347AC0-723B-4770-B572-FE71BFADC4B2}.Debug|TwinCAT CE7 (ARMV7).ActiveCfg = Debug|TwinCAT CE7 (ARMV7)
		{CB347AC0-723B-4770-B572-FE71BFADC4B2}.Debug|TwinCAT CE7 (ARMV7).Build.0 = Debug|TwinCAT CE7 (ARMV7)
		{CB347AC0-723B-4770-B572-FE71BFADC4B2}.Debug|TwinCAT OS (ARMT2).ActiveCfg = Debug|TwinCAT OS (ARMT2)
		{CB347AC0-723B-4770-B572-FE71BFADC4B2}.Debug|TwinCAT OS (ARMT2).Build.0 = Debug|TwinCAT OS (ARMT2)
		{CB347AC0-723B-4770-B572-FE71BFADC4B2}.Debug|TwinCAT RT (x64).ActiveCfg = Debug|TwinCAT RT (x64)
		{CB347AC0-723B-4770-B572-FE71BFADC4B2}.Debug|TwinCAT RT (x64).Build.0 = Debug|TwinCAT RT (x64)
		{CB347AC0-723B-4770-B572-FE71BFADC4B2}.Debug|TwinCAT RT (x86).ActiveCfg = Debug|TwinCAT RT (x86)
		{CB347AC0-723B-4770-B572-FE71BFADC4B2}.Debug|TwinCAT RT (x86).Build.0 = Debug|TwinCAT RT (x86)
		{CB347AC0-723B-4770-B572-FE71BFADC4B2}.Release|TwinCAT CE7 (ARMV7).ActiveCfg = Release|TwinCAT CE7 (ARMV7)
		{CB347AC0-723B-4770-B572-FE71BFADC4B2}.Release|TwinCAT CE7 (ARMV7).Build.0 = Release|TwinCAT CE7 (ARMV7)
		{CB347AC0-723B-4770-B572-FE71BFADC4B2}.Release|TwinCAT OS (ARMT2).ActiveCfg = Release|TwinCAT OS (ARMT2)
		{CB347AC0-723B-4770-B572-FE71BFADC4B2}.Release|TwinCAT OS (ARMT2).Build.0 = Release|TwinCAT OS (ARMT2)
		{CB347AC0-723B-4770-B572-FE71BFADC4B2}.Release|TwinCAT RT (x64).ActiveCfg = Release|TwinCAT RT (x64)
		{CB347AC0-723B-4770-B572-FE71BFADC4B2}.Release|TwinCAT RT (x64).Build.0 = Release|TwinCAT RT (x64)
		{CB347AC0-723B-4770-B572-FE71BFADC4B2}.Release|TwinCAT RT (x86).ActiveCfg = Release|TwinCAT RT (x86)
		{CB347AC0-723B-4770-B572-FE71BFADC4B2}.Release|TwinCAT RT (x86).Build.0 = Release|TwinCAT RT (x86)
		{86E2C65B-C44F-45C2-969E-EE2BDCBBF16C}.Debug|TwinCAT CE7 (ARMV7).ActiveCfg = Debug|TwinCAT CE7 (ARMV7)
		{86E2C65B-C44F-45C2-969E-EE2BDCBBF16C}.Debug|TwinCAT CE7 (ARMV7).Build.0 = Debug|TwinCAT CE7 (ARMV7)
		{86E2C65B-C44F-45C2-969E-EE2BDCBBF16C}.Debug|TwinCAT OS (ARMT2).ActiveCfg = Debug|TwinCAT OS (ARMT2)
		{86E2C65B-C44F-45C2-969E-EE2BDCBBF16C}.Debug|TwinCAT OS (ARMT2).Build.0 = Debug|TwinCAT OS (ARMT2)
		{86E2C65B-C44F-45C2-969E-EE2BDCBBF16C}.Debug|TwinCAT RT (x64).ActiveCfg = Debug|TwinCAT RT (x64)
		{86E2C65B-C44F-45C2-969E-EE2BDCBBF16C}.Debug|TwinCAT RT (x64).Build.0 = Debug|TwinCAT RT (x64)
		{86E2C65B-C44F-45C2-969E-EE2BDCBBF16C}.Debug|TwinCAT RT (x86).ActiveCfg = Debug|TwinCAT RT (x86)
		{86E2C65B-C44F-45C2-969E-EE2BDCBBF16C}.Debug|TwinCAT RT (x86).Build.0 = Debug|TwinCAT RT (x86)
		{86E2C65B-C44F-45C2-969E-EE2BDCBBF16C}.Release|TwinCAT CE7 (ARMV7).ActiveCfg = Release|TwinCAT CE7 (ARMV7)
		{86E2C65B-C44F-45C2-969E-EE2BDCBBF16C}.Release|TwinCAT CE7 (ARMV7).Build.0 = Release|TwinCAT CE7 (ARMV7)
		{86E2C65B-C44F-45C2-969E-EE2BDCBBF16C}.Release|TwinCAT OS (ARMT2).ActiveCfg = Release|TwinCAT OS (ARMT2)
		{86E2C65B-C44F-45C2-969E-EE2BDCBBF16C}.Release|TwinCAT OS (ARMT2).Build.0 = Release|TwinCAT OS (ARMT2)
		{86E2C65B-C44F-45C2-969E-EE2BDCBBF16C}.Release|TwinCAT RT (x64).ActiveCfg = Release|TwinCAT RT (x64)
		{86E2C65B-C44F-45C2-969E-EE2BDCBBF16C}.Release|TwinCAT RT (x64).Build.0 = Release|TwinCAT RT (x64)
		{86E2C65B-C44F-45C2-969E-EE2BDCBBF16C}.Release|TwinCAT RT (x86).ActiveCfg = Release|TwinCAT RT (x86)
		{86E2C65B-C44F-45C2-969E-EE2BDCBBF16C}.Release|TwinCAT RT (x86).Build.0 = Release|TwinCAT RT (x86)
	EndGlobalSection
	GlobalSection(SolutionProperties) = preSolution
		HideSolutionNode = FALSE
	EndGlobalSection
	GlobalSection(ExtensibilityGlobals) = postSolution
		SolutionGuid = {C33F3CFA-FB65-450A-8016-506DBC3DABF4}
	EndGlobalSection
EndGlobal
